
Microsoft Visual Studio Solution File, Format Version 12.00
# Visual Studio Version 17
VisualStudioVersion = 17.6.33829.357
MinimumVisualStudioVersion = 10.0.40219.1
Project("{FAE04EC0-301F-11D3-BF4B-00C04F79EFBC}") = "kucoin_buy_detector", "kucoin_buy_detector\kucoin_buy_detector.csproj", "{E14EA586-8528-406C-BC1E-49123D04B026}"
EndProject
Global
	GlobalSection(SolutionConfigurationPlatforms) = preSolution
		Debug|Any CPU = Debug|Any CPU
		Release|Any CPU = Release|Any CPU
	EndGlobalSection
	GlobalSection(ProjectConfigurationPlatforms) = postSolution
		{E14EA586-8528-406C-BC1E-49123D04B026}.Debug|Any CPU.ActiveCfg = Debug|Any CPU
		{E14EA586-8528-406C-BC1E-49123D04B026}.Debug|Any CPU.Build.0 = Debug|Any CPU
		{E14EA586-8528-406C-BC1E-49123D04B026}.Release|Any CPU.ActiveCfg = Release|Any CPU
		{E14EA586-8528-406C-BC1E-49123D04B026}.Release|Any CPU.Build.0 = Release|Any CPU
	EndGlobalSection
	GlobalSection(SolutionProperties) = preSolution
		HideSolutionNode = FALSE
	EndGlobalSection
	GlobalSection(ExtensibilityGlobals) = postSolution
		SolutionGuid = {77DB0611-8E0C-422B-90C4-771E90D0381B}
	EndGlobalSection
EndGlobal
